<?xml version="1.0" encoding="utf-8"?>
<Project ToolsVersion="4.0" xmlns="http://schemas.microsoft.com/developer/msbuild/2003">
  <ItemGroup>
    <Filter Include="src">
      <UniqueIdentifier>{d565978e-5eeb-4240-ac2a-04fc940f0136}</UniqueIdentifier>
    </Filter>
    <Filter Include="inc">
      <UniqueIdentifier>{ad5ce86b-ae04-4b1d-8efe-ea714e2c4e75}</UniqueIdentifier>
    </Filter>
  </ItemGroup>
  <ItemGroup>
    <ClCompile Include="main.cpp" />
    <ClCompile Include="src\BOJ_1000.cpp">
      <Filter>src</Filter>
    </ClCompile>
  </ItemGroup>
  <ItemGroup>
    <ClInclude Include="inc\BOJ_1000.h">
      <Filter>inc</Filter>
    </ClInclude>
    <ClInclude Include="config.h" />
  </ItemGroup>
</Project>